// !$*UTF8*$!
{
	archiveVersion = 1;
	classes = {
	};
	objectVersion = 46;
	objects = {

/* Begin PBXBuildFile section */
		3C2F1C7B1CD468020081CEFA /* InitialViewController.swift in Sources */ = {isa = PBXBuildFile; fileRef = 3C2F1C7A1CD468020081CEFA /* InitialViewController.swift */; };
		3C7C56451CD479EF009D8B34 /* SignUpViewController.swift in Sources */ = {isa = PBXBuildFile; fileRef = 3C7C56441CD479EF009D8B34 /* SignUpViewController.swift */; };
		3CB8D45C1CBB575F00870F38 /* ListCollectionViewCell.swift in Sources */ = {isa = PBXBuildFile; fileRef = 3CB8D45B1CBB575F00870F38 /* ListCollectionViewCell.swift */; };
		3CBFD89D1CD4355900290F25 /* SearchPlaylistCell.swift in Sources */ = {isa = PBXBuildFile; fileRef = 3CBFD89C1CD4355900290F25 /* SearchPlaylistCell.swift */; };
		3CD0344F1CBA121300675F88 /* TableViewCell.swift in Sources */ = {isa = PBXBuildFile; fileRef = 3CD0344E1CBA121300675F88 /* TableViewCell.swift */; };
		3CD034511CBA122A00675F88 /* TableViewController.swift in Sources */ = {isa = PBXBuildFile; fileRef = 3CD034501CBA122A00675F88 /* TableViewController.swift */; };
		3CD814DE1CDD659F00D2BEC6 /* SearchPeopleCell.swift in Sources */ = {isa = PBXBuildFile; fileRef = 3CD814DD1CDD659F00D2BEC6 /* SearchPeopleCell.swift */; };
		3CD916CE1CDC085200CB5AEA /* CollectionViewLayout.swift in Sources */ = {isa = PBXBuildFile; fileRef = 3CD916CD1CDC085200CB5AEA /* CollectionViewLayout.swift */; };
		3CE1DEF81CDC831A007B08C2 /* SearchPeopleTableViewController.swift in Sources */ = {isa = PBXBuildFile; fileRef = 3CE1DEF71CDC831A007B08C2 /* SearchPeopleTableViewController.swift */; };
		3CE2EE7F1C6C5EC8000C9088 /* AppDelegate.swift in Sources */ = {isa = PBXBuildFile; fileRef = 3CE2EE7E1C6C5EC8000C9088 /* AppDelegate.swift */; };
		3CE2EE861C6C5EC8000C9088 /* Assets.xcassets in Resources */ = {isa = PBXBuildFile; fileRef = 3CE2EE851C6C5EC8000C9088 /* Assets.xcassets */; };
		3CE2EE891C6C5EC8000C9088 /* LaunchScreen.storyboard in Resources */ = {isa = PBXBuildFile; fileRef = 3CE2EE871C6C5EC8000C9088 /* LaunchScreen.storyboard */; };
		3CE2EE941C6C5EC8000C9088 /* YelpifyTests.swift in Sources */ = {isa = PBXBuildFile; fileRef = 3CE2EE931C6C5EC8000C9088 /* YelpifyTests.swift */; };
		3CE2EE9F1C6C5EC8000C9088 /* YelpifyUITests.swift in Sources */ = {isa = PBXBuildFile; fileRef = 3CE2EE9E1C6C5EC8000C9088 /* YelpifyUITests.swift */; };
		523E599553F6100C5348857C /* Pods.framework in Frameworks */ = {isa = PBXBuildFile; fileRef = 68ACAEFF88A59BB74B411CE0 /* Pods.framework */; };
		901DFAEC1CBF481800AFD002 /* Main.storyboard in Resources */ = {isa = PBXBuildFile; fileRef = 3CE2EE821C6C5EC8000C9088 /* Main.storyboard */; };
		9038B75E1CBCD041004B220B /* ActionsViewController.swift in Sources */ = {isa = PBXBuildFile; fileRef = 9038B75D1CBCD041004B220B /* ActionsViewController.swift */; };
		905F87941CD741BB004046CD /* SearchPlaylistCollectionViewController.swift in Sources */ = {isa = PBXBuildFile; fileRef = 905F87931CD741BB004046CD /* SearchPlaylistCollectionViewController.swift */; };
		905F87961CD742C7004046CD /* ListCell.xib in Resources */ = {isa = PBXBuildFile; fileRef = 905F87951CD742C7004046CD /* ListCell.xib */; };
		905F879D1CD99E3C004046CD /* ProfileCollectionViewController.swift in Sources */ = {isa = PBXBuildFile; fileRef = 905F879C1CD99E3C004046CD /* ProfileCollectionViewController.swift */; };
		905F879F1CD9A453004046CD /* ProfileHeader.xib in Resources */ = {isa = PBXBuildFile; fileRef = 905F879E1CD9A453004046CD /* ProfileHeader.xib */; };
		905F87A11CD9D536004046CD /* ProfileHeaderCollectionReusableView.swift in Sources */ = {isa = PBXBuildFile; fileRef = 905F87A01CD9D536004046CD /* ProfileHeaderCollectionReusableView.swift */; };
		9069D7681CD6B15E005650F4 /* BusinessCell.xib in Resources */ = {isa = PBXBuildFile; fileRef = 9069D7671CD6B15E005650F4 /* BusinessCell.xib */; };
		9069D76A1CD6B7F2005650F4 /* ReviewCell.xib in Resources */ = {isa = PBXBuildFile; fileRef = 9069D7691CD6B7F2005650F4 /* ReviewCell.xib */; };
		906CAA311C8977B700AF3515 /* TestViewController.swift in Sources */ = {isa = PBXBuildFile; fileRef = 906CAA301C8977B700AF3515 /* TestViewController.swift */; };
		90711BD51CAF4DEA0032A257 /* PlaylistObject.swift in Sources */ = {isa = PBXBuildFile; fileRef = 90711BD41CAF4DEA0032A257 /* PlaylistObject.swift */; };
		907E0CE51C76768D00872135 /* LocuAPIClient.swift in Sources */ = {isa = PBXBuildFile; fileRef = 907E0CE41C76768D00872135 /* LocuAPIClient.swift */; };
		907E0CE71C77F34100872135 /* GooglePlacesAPIClient.swift in Sources */ = {isa = PBXBuildFile; fileRef = 907E0CE61C77F34100872135 /* GooglePlacesAPIClient.swift */; };
		907E0CEB1C7828E100872135 /* APIDataHandler.swift in Sources */ = {isa = PBXBuildFile; fileRef = 907E0CEA1C7828E100872135 /* APIDataHandler.swift */; };
		908481801C7504AF009B6099 /* BusinessTableViewCell.swift in Sources */ = {isa = PBXBuildFile; fileRef = 9084817F1C7504AF009B6099 /* BusinessTableViewCell.swift */; };
		908481841C750816009B6099 /* BusinessObject.swift in Sources */ = {isa = PBXBuildFile; fileRef = 908481831C750816009B6099 /* BusinessObject.swift */; };
		90A9437A1CD2CDE8004ACE78 /* CommentTableViewCell.swift in Sources */ = {isa = PBXBuildFile; fileRef = 90A943791CD2CDE8004ACE78 /* CommentTableViewCell.swift */; };
		90B09C601CBC7573004F38C2 /* CardView.swift in Sources */ = {isa = PBXBuildFile; fileRef = 90B09C5F1CBC7573004F38C2 /* CardView.swift */; };
		90B6D69C1CD35BBE006928E8 /* CustomSegue.swift in Sources */ = {isa = PBXBuildFile; fileRef = 90B6D69B1CD35BBE006928E8 /* CustomSegue.swift */; };
		90B6D69E1CD49888006928E8 /* SearchPagerTabStripVC.swift in Sources */ = {isa = PBXBuildFile; fileRef = 90B6D69D1CD49888006928E8 /* SearchPagerTabStripVC.swift */; };
		90B9B7D91C8A696F002D4BB1 /* BusinessDetailViewController.swift in Sources */ = {isa = PBXBuildFile; fileRef = 90B9B7D81C8A696F002D4BB1 /* BusinessDetailViewController.swift */; };
		90BAD1C11C8662ED0047277E /* TestTableViewController.swift in Sources */ = {isa = PBXBuildFile; fileRef = 90BAD1C01C8662ED0047277E /* TestTableViewController.swift */; };
		90BAD1C31C86639E0047277E /* TestTableViewCell.swift in Sources */ = {isa = PBXBuildFile; fileRef = 90BAD1C21C86639E0047277E /* TestTableViewCell.swift */; };
		90C177D41CCB50A6007344CE /* YoutubeExampleViewController.swift in Sources */ = {isa = PBXBuildFile; fileRef = 90C177D11CCB50A6007344CE /* YoutubeExampleViewController.swift */; };
		90C177D51CCB50A6007344CE /* YoutubeIconCell.swift in Sources */ = {isa = PBXBuildFile; fileRef = 90C177D21CCB50A6007344CE /* YoutubeIconCell.swift */; };
		90C177D61CCB50A6007344CE /* YoutubeIconCell.xib in Resources */ = {isa = PBXBuildFile; fileRef = 90C177D31CCB50A6007344CE /* YoutubeIconCell.xib */; };
		90C177DA1CCB5B4A007344CE /* ChildExampleViewController.swift in Sources */ = {isa = PBXBuildFile; fileRef = 90C177D81CCB5B4A007344CE /* ChildExampleViewController.swift */; };
		90C177DB1CCB5B4A007344CE /* TableChildExampleViewController.swift in Sources */ = {isa = PBXBuildFile; fileRef = 90C177D91CCB5B4A007344CE /* TableChildExampleViewController.swift */; };
		90C177DF1CCB5B85007344CE /* PostCell.xib in Resources */ = {isa = PBXBuildFile; fileRef = 90C177DC1CCB5B85007344CE /* PostCell.xib */; };
		90C177E01CCB5B85007344CE /* PostCell.swift in Sources */ = {isa = PBXBuildFile; fileRef = 90C177DD1CCB5B85007344CE /* PostCell.swift */; };
		90C177E11CCB5B85007344CE /* DataProvider.swift in Sources */ = {isa = PBXBuildFile; fileRef = 90C177DE1CCB5B85007344CE /* DataProvider.swift */; };
		90C96AAE1CCAF72B00E9EC28 /* ConfigureFunctions.swift in Sources */ = {isa = PBXBuildFile; fileRef = 90C96AAD1CCAF72B00E9EC28 /* ConfigureFunctions.swift */; };
		90DA32851C93616700D5EBDF /* OpenSans-Bold.ttf in Resources */ = {isa = PBXBuildFile; fileRef = 90DA327B1C93615100D5EBDF /* OpenSans-Bold.ttf */; };
		90DA32861C93616700D5EBDF /* OpenSans-ExtraBold.ttf in Resources */ = {isa = PBXBuildFile; fileRef = 90DA327C1C93615100D5EBDF /* OpenSans-ExtraBold.ttf */; };
		90DA32871C93616700D5EBDF /* OpenSans-Light.ttf in Resources */ = {isa = PBXBuildFile; fileRef = 90DA327D1C93615100D5EBDF /* OpenSans-Light.ttf */; };
		90DA32881C93616700D5EBDF /* OpenSans-Semibold.ttf in Resources */ = {isa = PBXBuildFile; fileRef = 90DA327E1C93615100D5EBDF /* OpenSans-Semibold.ttf */; };
		90DA32891C93616700D5EBDF /* OpenSans-Regular.ttf in Resources */ = {isa = PBXBuildFile; fileRef = 90DA327F1C93615100D5EBDF /* OpenSans-Regular.ttf */; };
		90DA328A1C93616700D5EBDF /* OpenSans-ExtraBoldItalic.ttf in Resources */ = {isa = PBXBuildFile; fileRef = 90DA32801C93615100D5EBDF /* OpenSans-ExtraBoldItalic.ttf */; };
		90DA328B1C93616700D5EBDF /* OpenSans-BoldItalic.ttf in Resources */ = {isa = PBXBuildFile; fileRef = 90DA32811C93615100D5EBDF /* OpenSans-BoldItalic.ttf */; };
		90DA328C1C93616700D5EBDF /* OpenSans-LightItalic.ttf in Resources */ = {isa = PBXBuildFile; fileRef = 90DA32821C93615100D5EBDF /* OpenSans-LightItalic.ttf */; };
		90DA328D1C93616700D5EBDF /* OpenSans-Italic.ttf in Resources */ = {isa = PBXBuildFile; fileRef = 90DA32831C93615100D5EBDF /* OpenSans-Italic.ttf */; };
		90DA328E1C93616700D5EBDF /* OpenSans-SemiboldItalic.ttf in Resources */ = {isa = PBXBuildFile; fileRef = 90DA32841C93615100D5EBDF /* OpenSans-SemiboldItalic.ttf */; };
		90DA328F1C93616700D5EBDF /* Montserrat-ExtraBold.otf in Resources */ = {isa = PBXBuildFile; fileRef = 90DA32711C93613600D5EBDF /* Montserrat-ExtraBold.otf */; };
		90DA32901C93616700D5EBDF /* Montserrat-SemiBold.otf in Resources */ = {isa = PBXBuildFile; fileRef = 90DA32721C93613600D5EBDF /* Montserrat-SemiBold.otf */; };
		90DA32911C93616700D5EBDF /* Montserrat-UltraLight.otf in Resources */ = {isa = PBXBuildFile; fileRef = 90DA32731C93613600D5EBDF /* Montserrat-UltraLight.otf */; };
		90DA32921C93616700D5EBDF /* Montserrat-Bold.otf in Resources */ = {isa = PBXBuildFile; fileRef = 90DA32741C93613600D5EBDF /* Montserrat-Bold.otf */; };
		90DA32931C93616700D5EBDF /* Montserrat-Regular.otf in Resources */ = {isa = PBXBuildFile; fileRef = 90DA32751C93613600D5EBDF /* Montserrat-Regular.otf */; };
		90DA32941C93616700D5EBDF /* Montserrat-Black.otf in Resources */ = {isa = PBXBuildFile; fileRef = 90DA32761C93613600D5EBDF /* Montserrat-Black.otf */; };
		90DA32951C93616700D5EBDF /* Montserrat-Light.otf in Resources */ = {isa = PBXBuildFile; fileRef = 90DA32771C93613600D5EBDF /* Montserrat-Light.otf */; };
		90DA32961C93616700D5EBDF /* Montserrat-Hairline.otf in Resources */ = {isa = PBXBuildFile; fileRef = 90DA32781C93613600D5EBDF /* Montserrat-Hairline.otf */; };
		90DC57B91C72843A001F1891 /* YelpAPIClient.swift in Sources */ = {isa = PBXBuildFile; fileRef = 90DC57B81C72843A001F1891 /* YelpAPIClient.swift */; };
		90DC57BC1C72A1D0001F1891 /* SearchBusinessViewController.swift in Sources */ = {isa = PBXBuildFile; fileRef = 90DC57BB1C72A1D0001F1891 /* SearchBusinessViewController.swift */; };
		90E505DF1C8E375200F47285 /* GPlacesSearchViewController.swift in Sources */ = {isa = PBXBuildFile; fileRef = 90E505DE1C8E375200F47285 /* GPlacesSearchViewController.swift */; };
		90E505E21C8E944100F47285 /* CustomSearchController.swift in Sources */ = {isa = PBXBuildFile; fileRef = 90E505E11C8E944100F47285 /* CustomSearchController.swift */; };
		90E505E41C8E946700F47285 /* CustomSearchBar.swift in Sources */ = {isa = PBXBuildFile; fileRef = 90E505E31C8E946700F47285 /* CustomSearchBar.swift */; };
		90F34CDF1CB0893300CC0870 /* SinglePlaylistViewController.swift in Sources */ = {isa = PBXBuildFile; fileRef = 90F34CDE1CB0893300CC0870 /* SinglePlaylistViewController.swift */; };
		90FBF9121CCF27D800355AB3 /* ActionData.swift in Sources */ = {isa = PBXBuildFile; fileRef = ED52E6511CCB2E8A00CEBAE2 /* ActionData.swift */; };
		ED405A101CC1D03C0017A9AB /* LoginViewController.swift in Sources */ = {isa = PBXBuildFile; fileRef = ED405A0F1CC1D03C0017A9AB /* LoginViewController.swift */; };
		ED52E64D1CCB2E0300CEBAE2 /* YoutubeActionController.swift in Sources */ = {isa = PBXBuildFile; fileRef = ED52E64A1CCB2E0300CEBAE2 /* YoutubeActionController.swift */; };
		ED52E64E1CCB2E0300CEBAE2 /* YoutubeCell.xib in Resources */ = {isa = PBXBuildFile; fileRef = ED52E64B1CCB2E0300CEBAE2 /* YoutubeCell.xib */; };
		ED52E64F1CCB2E0300CEBAE2 /* YoutubeViewController.swift in Sources */ = {isa = PBXBuildFile; fileRef = ED52E64C1CCB2E0300CEBAE2 /* YoutubeViewController.swift */; };
		ED99B82B1CDC4C1900C7E43F /* PlaceActions.swift in Sources */ = {isa = PBXBuildFile; fileRef = ED99B82A1CDC4C1900C7E43F /* PlaceActions.swift */; };
		EDA8CEF51CAF506400A5C2ED /* SortMethods.swift in Sources */ = {isa = PBXBuildFile; fileRef = EDA8CEF41CAF506400A5C2ED /* SortMethods.swift */; };
		EDD44DAD1CB4BA31008DC4AB /* RandomPlaceController.swift in Sources */ = {isa = PBXBuildFile; fileRef = EDD44DAC1CB4BA31008DC4AB /* RandomPlaceController.swift */; };
		EDD4DCCD1CDD666C00376DF8 /* CZPickerViewController.swift in Sources */ = {isa = PBXBuildFile; fileRef = EDD4DCCC1CDD666C00376DF8 /* CZPickerViewController.swift */; };
/* End PBXBuildFile section */

/* Begin PBXContainerItemProxy section */
		3CE2EE901C6C5EC8000C9088 /* PBXContainerItemProxy */ = {
			isa = PBXContainerItemProxy;
			containerPortal = 3CE2EE731C6C5EC8000C9088 /* Project object */;
			proxyType = 1;
			remoteGlobalIDString = 3CE2EE7A1C6C5EC8000C9088;
			remoteInfo = Yelpify;
		};
		3CE2EE9B1C6C5EC8000C9088 /* PBXContainerItemProxy */ = {
			isa = PBXContainerItemProxy;
			containerPortal = 3CE2EE731C6C5EC8000C9088 /* Project object */;
			proxyType = 1;
			remoteGlobalIDString = 3CE2EE7A1C6C5EC8000C9088;
			remoteInfo = Yelpify;
		};
/* End PBXContainerItemProxy section */

/* Begin PBXFileReference section */
		3C2F1C7A1CD468020081CEFA /* InitialViewController.swift */ = {isa = PBXFileReference; fileEncoding = 4; lastKnownFileType = sourcecode.swift; name = InitialViewController.swift; path = ../InitialViewController.swift; sourceTree = "<group>"; };
		3C7C56441CD479EF009D8B34 /* SignUpViewController.swift */ = {isa = PBXFileReference; fileEncoding = 4; lastKnownFileType = sourcecode.swift; path = SignUpViewController.swift; sourceTree = "<group>"; };
		3CB8D45B1CBB575F00870F38 /* ListCollectionViewCell.swift */ = {isa = PBXFileReference; fileEncoding = 4; lastKnownFileType = sourcecode.swift; name = ListCollectionViewCell.swift; path = Yelpify/ListCollectionViewCell.swift; sourceTree = "<group>"; };
		3CBFD89C1CD4355900290F25 /* SearchPlaylistCell.swift */ = {isa = PBXFileReference; fileEncoding = 4; lastKnownFileType = sourcecode.swift; name = SearchPlaylistCell.swift; path = Yelpify/SearchPlaylistCell.swift; sourceTree = "<group>"; };
		3CD0344E1CBA121300675F88 /* TableViewCell.swift */ = {isa = PBXFileReference; fileEncoding = 4; lastKnownFileType = sourcecode.swift; name = TableViewCell.swift; path = Yelpify/TableViewCell.swift; sourceTree = "<group>"; };
		3CD034501CBA122A00675F88 /* TableViewController.swift */ = {isa = PBXFileReference; fileEncoding = 4; lastKnownFileType = sourcecode.swift; path = TableViewController.swift; sourceTree = "<group>"; };
		3CD814DD1CDD659F00D2BEC6 /* SearchPeopleCell.swift */ = {isa = PBXFileReference; fileEncoding = 4; lastKnownFileType = sourcecode.swift; name = SearchPeopleCell.swift; path = Yelpify/SearchPeopleCell.swift; sourceTree = "<group>"; };
		3CD916CD1CDC085200CB5AEA /* CollectionViewLayout.swift */ = {isa = PBXFileReference; fileEncoding = 4; lastKnownFileType = sourcecode.swift; path = CollectionViewLayout.swift; sourceTree = "<group>"; };
		3CE1DEF71CDC831A007B08C2 /* SearchPeopleTableViewController.swift */ = {isa = PBXFileReference; fileEncoding = 4; lastKnownFileType = sourcecode.swift; path = SearchPeopleTableViewController.swift; sourceTree = "<group>"; };
		3CE2EE7B1C6C5EC8000C9088 /* Yelpify.app */ = {isa = PBXFileReference; explicitFileType = wrapper.application; includeInIndex = 0; path = Yelpify.app; sourceTree = BUILT_PRODUCTS_DIR; };
		3CE2EE7E1C6C5EC8000C9088 /* AppDelegate.swift */ = {isa = PBXFileReference; lastKnownFileType = sourcecode.swift; path = AppDelegate.swift; sourceTree = "<group>"; };
		3CE2EE831C6C5EC8000C9088 /* Base */ = {isa = PBXFileReference; lastKnownFileType = file.storyboard; name = Base; path = Base.lproj/Main.storyboard; sourceTree = "<group>"; };
		3CE2EE851C6C5EC8000C9088 /* Assets.xcassets */ = {isa = PBXFileReference; lastKnownFileType = folder.assetcatalog; path = Assets.xcassets; sourceTree = "<group>"; };
		3CE2EE881C6C5EC8000C9088 /* Base */ = {isa = PBXFileReference; lastKnownFileType = file.storyboard; name = Base; path = Base.lproj/LaunchScreen.storyboard; sourceTree = "<group>"; };
		3CE2EE8A1C6C5EC8000C9088 /* Info.plist */ = {isa = PBXFileReference; lastKnownFileType = text.plist.xml; path = Info.plist; sourceTree = "<group>"; };
		3CE2EE8F1C6C5EC8000C9088 /* YelpifyTests.xctest */ = {isa = PBXFileReference; explicitFileType = wrapper.cfbundle; includeInIndex = 0; path = YelpifyTests.xctest; sourceTree = BUILT_PRODUCTS_DIR; };
		3CE2EE931C6C5EC8000C9088 /* YelpifyTests.swift */ = {isa = PBXFileReference; lastKnownFileType = sourcecode.swift; path = YelpifyTests.swift; sourceTree = "<group>"; };
		3CE2EE951C6C5EC8000C9088 /* Info.plist */ = {isa = PBXFileReference; lastKnownFileType = text.plist.xml; path = Info.plist; sourceTree = "<group>"; };
		3CE2EE9A1C6C5EC8000C9088 /* YelpifyUITests.xctest */ = {isa = PBXFileReference; explicitFileType = wrapper.cfbundle; includeInIndex = 0; path = YelpifyUITests.xctest; sourceTree = BUILT_PRODUCTS_DIR; };
		3CE2EE9E1C6C5EC8000C9088 /* YelpifyUITests.swift */ = {isa = PBXFileReference; lastKnownFileType = sourcecode.swift; path = YelpifyUITests.swift; sourceTree = "<group>"; };
		3CE2EEA01C6C5EC8000C9088 /* Info.plist */ = {isa = PBXFileReference; lastKnownFileType = text.plist.xml; path = Info.plist; sourceTree = "<group>"; };
		68ACAEFF88A59BB74B411CE0 /* Pods.framework */ = {isa = PBXFileReference; explicitFileType = wrapper.framework; includeInIndex = 0; path = Pods.framework; sourceTree = BUILT_PRODUCTS_DIR; };
		9025184D1C8825E700BB3E05 /* Haneke.framework */ = {isa = PBXFileReference; lastKnownFileType = wrapper.framework; name = Haneke.framework; path = "Pods/../build/Debug-iphoneos/Haneke.framework"; sourceTree = "<group>"; };
		9038B75D1CBCD041004B220B /* ActionsViewController.swift */ = {isa = PBXFileReference; fileEncoding = 4; lastKnownFileType = sourcecode.swift; path = ActionsViewController.swift; sourceTree = "<group>"; };
		905F87931CD741BB004046CD /* SearchPlaylistCollectionViewController.swift */ = {isa = PBXFileReference; fileEncoding = 4; lastKnownFileType = sourcecode.swift; path = SearchPlaylistCollectionViewController.swift; sourceTree = "<group>"; };
		905F87951CD742C7004046CD /* ListCell.xib */ = {isa = PBXFileReference; fileEncoding = 4; lastKnownFileType = file.xib; name = ListCell.xib; path = Yelpify/ListCell.xib; sourceTree = "<group>"; };
		905F879B1CD99A03004046CD /* Yelpify-Bridging-Header.h */ = {isa = PBXFileReference; fileEncoding = 4; lastKnownFileType = sourcecode.c.h; path = "Yelpify-Bridging-Header.h"; sourceTree = "<group>"; };
		905F879C1CD99E3C004046CD /* ProfileCollectionViewController.swift */ = {isa = PBXFileReference; fileEncoding = 4; lastKnownFileType = sourcecode.swift; path = ProfileCollectionViewController.swift; sourceTree = "<group>"; };
		905F879E1CD9A453004046CD /* ProfileHeader.xib */ = {isa = PBXFileReference; fileEncoding = 4; lastKnownFileType = file.xib; path = ProfileHeader.xib; sourceTree = "<group>"; };
		905F87A01CD9D536004046CD /* ProfileHeaderCollectionReusableView.swift */ = {isa = PBXFileReference; fileEncoding = 4; lastKnownFileType = sourcecode.swift; path = ProfileHeaderCollectionReusableView.swift; sourceTree = "<group>"; };
		9069D7671CD6B15E005650F4 /* BusinessCell.xib */ = {isa = PBXFileReference; fileEncoding = 4; lastKnownFileType = file.xib; name = BusinessCell.xib; path = Yelpify/BusinessCell.xib; sourceTree = "<group>"; };
		9069D7691CD6B7F2005650F4 /* ReviewCell.xib */ = {isa = PBXFileReference; fileEncoding = 4; lastKnownFileType = file.xib; name = ReviewCell.xib; path = Yelpify/ReviewCell.xib; sourceTree = "<group>"; };
		906CAA301C8977B700AF3515 /* TestViewController.swift */ = {isa = PBXFileReference; fileEncoding = 4; lastKnownFileType = sourcecode.swift; path = TestViewController.swift; sourceTree = "<group>"; };
		90711BD41CAF4DEA0032A257 /* PlaylistObject.swift */ = {isa = PBXFileReference; fileEncoding = 4; lastKnownFileType = sourcecode.swift; path = PlaylistObject.swift; sourceTree = "<group>"; };
		907E0CE41C76768D00872135 /* LocuAPIClient.swift */ = {isa = PBXFileReference; fileEncoding = 4; lastKnownFileType = sourcecode.swift; path = LocuAPIClient.swift; sourceTree = "<group>"; };
		907E0CE61C77F34100872135 /* GooglePlacesAPIClient.swift */ = {isa = PBXFileReference; fileEncoding = 4; lastKnownFileType = sourcecode.swift; path = GooglePlacesAPIClient.swift; sourceTree = "<group>"; };
		907E0CEA1C7828E100872135 /* APIDataHandler.swift */ = {isa = PBXFileReference; fileEncoding = 4; lastKnownFileType = sourcecode.swift; path = APIDataHandler.swift; sourceTree = "<group>"; };
		9084817F1C7504AF009B6099 /* BusinessTableViewCell.swift */ = {isa = PBXFileReference; fileEncoding = 4; lastKnownFileType = sourcecode.swift; name = BusinessTableViewCell.swift; path = Yelpify/BusinessTableViewCell.swift; sourceTree = "<group>"; };
		908481831C750816009B6099 /* BusinessObject.swift */ = {isa = PBXFileReference; fileEncoding = 4; lastKnownFileType = sourcecode.swift; path = BusinessObject.swift; sourceTree = "<group>"; };
		90A943791CD2CDE8004ACE78 /* CommentTableViewCell.swift */ = {isa = PBXFileReference; fileEncoding = 4; lastKnownFileType = sourcecode.swift; name = CommentTableViewCell.swift; path = Yelpify/CommentTableViewCell.swift; sourceTree = "<group>"; };
		90B09C5F1CBC7573004F38C2 /* CardView.swift */ = {isa = PBXFileReference; fileEncoding = 4; lastKnownFileType = sourcecode.swift; path = CardView.swift; sourceTree = "<group>"; };
		90B6D69B1CD35BBE006928E8 /* CustomSegue.swift */ = {isa = PBXFileReference; fileEncoding = 4; lastKnownFileType = sourcecode.swift; path = CustomSegue.swift; sourceTree = "<group>"; };
		90B6D69D1CD49888006928E8 /* SearchPagerTabStripVC.swift */ = {isa = PBXFileReference; fileEncoding = 4; lastKnownFileType = sourcecode.swift; path = SearchPagerTabStripVC.swift; sourceTree = "<group>"; };
		90B9B7D81C8A696F002D4BB1 /* BusinessDetailViewController.swift */ = {isa = PBXFileReference; fileEncoding = 4; lastKnownFileType = sourcecode.swift; path = BusinessDetailViewController.swift; sourceTree = "<group>"; };
		90BAD1C01C8662ED0047277E /* TestTableViewController.swift */ = {isa = PBXFileReference; fileEncoding = 4; lastKnownFileType = sourcecode.swift; path = TestTableViewController.swift; sourceTree = "<group>"; };
		90BAD1C21C86639E0047277E /* TestTableViewCell.swift */ = {isa = PBXFileReference; fileEncoding = 4; lastKnownFileType = sourcecode.swift; path = TestTableViewCell.swift; sourceTree = "<group>"; };
		90C177D11CCB50A6007344CE /* YoutubeExampleViewController.swift */ = {isa = PBXFileReference; fileEncoding = 4; lastKnownFileType = sourcecode.swift; path = YoutubeExampleViewController.swift; sourceTree = "<group>"; };
		90C177D21CCB50A6007344CE /* YoutubeIconCell.swift */ = {isa = PBXFileReference; fileEncoding = 4; lastKnownFileType = sourcecode.swift; path = YoutubeIconCell.swift; sourceTree = "<group>"; };
		90C177D31CCB50A6007344CE /* YoutubeIconCell.xib */ = {isa = PBXFileReference; fileEncoding = 4; lastKnownFileType = file.xib; path = YoutubeIconCell.xib; sourceTree = "<group>"; };
		90C177D81CCB5B4A007344CE /* ChildExampleViewController.swift */ = {isa = PBXFileReference; fileEncoding = 4; lastKnownFileType = sourcecode.swift; path = ChildExampleViewController.swift; sourceTree = "<group>"; };
		90C177D91CCB5B4A007344CE /* TableChildExampleViewController.swift */ = {isa = PBXFileReference; fileEncoding = 4; lastKnownFileType = sourcecode.swift; path = TableChildExampleViewController.swift; sourceTree = "<group>"; };
		90C177DC1CCB5B85007344CE /* PostCell.xib */ = {isa = PBXFileReference; fileEncoding = 4; lastKnownFileType = file.xib; path = PostCell.xib; sourceTree = "<group>"; };
		90C177DD1CCB5B85007344CE /* PostCell.swift */ = {isa = PBXFileReference; fileEncoding = 4; lastKnownFileType = sourcecode.swift; path = PostCell.swift; sourceTree = "<group>"; };
		90C177DE1CCB5B85007344CE /* DataProvider.swift */ = {isa = PBXFileReference; fileEncoding = 4; lastKnownFileType = sourcecode.swift; path = DataProvider.swift; sourceTree = "<group>"; };
		90C96AAD1CCAF72B00E9EC28 /* ConfigureFunctions.swift */ = {isa = PBXFileReference; fileEncoding = 4; lastKnownFileType = sourcecode.swift; path = ConfigureFunctions.swift; sourceTree = "<group>"; };
		90DA32711C93613600D5EBDF /* Montserrat-ExtraBold.otf */ = {isa = PBXFileReference; lastKnownFileType = file; path = "Montserrat-ExtraBold.otf"; sourceTree = "<group>"; };
		90DA32721C93613600D5EBDF /* Montserrat-SemiBold.otf */ = {isa = PBXFileReference; lastKnownFileType = file; path = "Montserrat-SemiBold.otf"; sourceTree = "<group>"; };
		90DA32731C93613600D5EBDF /* Montserrat-UltraLight.otf */ = {isa = PBXFileReference; lastKnownFileType = file; path = "Montserrat-UltraLight.otf"; sourceTree = "<group>"; };
		90DA32741C93613600D5EBDF /* Montserrat-Bold.otf */ = {isa = PBXFileReference; lastKnownFileType = file; path = "Montserrat-Bold.otf"; sourceTree = "<group>"; };
		90DA32751C93613600D5EBDF /* Montserrat-Regular.otf */ = {isa = PBXFileReference; lastKnownFileType = file; path = "Montserrat-Regular.otf"; sourceTree = "<group>"; };
		90DA32761C93613600D5EBDF /* Montserrat-Black.otf */ = {isa = PBXFileReference; lastKnownFileType = file; path = "Montserrat-Black.otf"; sourceTree = "<group>"; };
		90DA32771C93613600D5EBDF /* Montserrat-Light.otf */ = {isa = PBXFileReference; lastKnownFileType = file; path = "Montserrat-Light.otf"; sourceTree = "<group>"; };
		90DA32781C93613600D5EBDF /* Montserrat-Hairline.otf */ = {isa = PBXFileReference; lastKnownFileType = file; path = "Montserrat-Hairline.otf"; sourceTree = "<group>"; };
		90DA327B1C93615100D5EBDF /* OpenSans-Bold.ttf */ = {isa = PBXFileReference; lastKnownFileType = file; path = "OpenSans-Bold.ttf"; sourceTree = "<group>"; };
		90DA327C1C93615100D5EBDF /* OpenSans-ExtraBold.ttf */ = {isa = PBXFileReference; lastKnownFileType = file; path = "OpenSans-ExtraBold.ttf"; sourceTree = "<group>"; };
		90DA327D1C93615100D5EBDF /* OpenSans-Light.ttf */ = {isa = PBXFileReference; lastKnownFileType = file; path = "OpenSans-Light.ttf"; sourceTree = "<group>"; };
		90DA327E1C93615100D5EBDF /* OpenSans-Semibold.ttf */ = {isa = PBXFileReference; lastKnownFileType = file; path = "OpenSans-Semibold.ttf"; sourceTree = "<group>"; };
		90DA327F1C93615100D5EBDF /* OpenSans-Regular.ttf */ = {isa = PBXFileReference; lastKnownFileType = file; path = "OpenSans-Regular.ttf"; sourceTree = "<group>"; };
		90DA32801C93615100D5EBDF /* OpenSans-ExtraBoldItalic.ttf */ = {isa = PBXFileReference; lastKnownFileType = file; path = "OpenSans-ExtraBoldItalic.ttf"; sourceTree = "<group>"; };
		90DA32811C93615100D5EBDF /* OpenSans-BoldItalic.ttf */ = {isa = PBXFileReference; lastKnownFileType = file; path = "OpenSans-BoldItalic.ttf"; sourceTree = "<group>"; };
		90DA32821C93615100D5EBDF /* OpenSans-LightItalic.ttf */ = {isa = PBXFileReference; lastKnownFileType = file; path = "OpenSans-LightItalic.ttf"; sourceTree = "<group>"; };
		90DA32831C93615100D5EBDF /* OpenSans-Italic.ttf */ = {isa = PBXFileReference; lastKnownFileType = file; path = "OpenSans-Italic.ttf"; sourceTree = "<group>"; };
		90DA32841C93615100D5EBDF /* OpenSans-SemiboldItalic.ttf */ = {isa = PBXFileReference; lastKnownFileType = file; path = "OpenSans-SemiboldItalic.ttf"; sourceTree = "<group>"; };
		90DC57B81C72843A001F1891 /* YelpAPIClient.swift */ = {isa = PBXFileReference; fileEncoding = 4; lastKnownFileType = sourcecode.swift; path = YelpAPIClient.swift; sourceTree = "<group>"; };
		90DC57BB1C72A1D0001F1891 /* SearchBusinessViewController.swift */ = {isa = PBXFileReference; fileEncoding = 4; lastKnownFileType = sourcecode.swift; path = SearchBusinessViewController.swift; sourceTree = "<group>"; };
		90E505DE1C8E375200F47285 /* GPlacesSearchViewController.swift */ = {isa = PBXFileReference; fileEncoding = 4; lastKnownFileType = sourcecode.swift; path = GPlacesSearchViewController.swift; sourceTree = "<group>"; };
		90E505E11C8E944100F47285 /* CustomSearchController.swift */ = {isa = PBXFileReference; fileEncoding = 4; lastKnownFileType = sourcecode.swift; path = CustomSearchController.swift; sourceTree = "<group>"; };
		90E505E31C8E946700F47285 /* CustomSearchBar.swift */ = {isa = PBXFileReference; fileEncoding = 4; lastKnownFileType = sourcecode.swift; path = CustomSearchBar.swift; sourceTree = "<group>"; };
		90F34CDE1CB0893300CC0870 /* SinglePlaylistViewController.swift */ = {isa = PBXFileReference; fileEncoding = 4; lastKnownFileType = sourcecode.swift; path = SinglePlaylistViewController.swift; sourceTree = "<group>"; };
		981001A34CAB5A147D7CB122 /* Pods.release.xcconfig */ = {isa = PBXFileReference; includeInIndex = 1; lastKnownFileType = text.xcconfig; name = Pods.release.xcconfig; path = "Pods/Target Support Files/Pods/Pods.release.xcconfig"; sourceTree = "<group>"; };
		B140D093A1A89D68777F3561 /* Pods.debug.xcconfig */ = {isa = PBXFileReference; includeInIndex = 1; lastKnownFileType = text.xcconfig; name = Pods.debug.xcconfig; path = "Pods/Target Support Files/Pods/Pods.debug.xcconfig"; sourceTree = "<group>"; };
		ED405A0F1CC1D03C0017A9AB /* LoginViewController.swift */ = {isa = PBXFileReference; fileEncoding = 4; lastKnownFileType = sourcecode.swift; path = LoginViewController.swift; sourceTree = "<group>"; };
		ED52E64A1CCB2E0300CEBAE2 /* YoutubeActionController.swift */ = {isa = PBXFileReference; fileEncoding = 4; lastKnownFileType = sourcecode.swift; path = YoutubeActionController.swift; sourceTree = "<group>"; };
		ED52E64B1CCB2E0300CEBAE2 /* YoutubeCell.xib */ = {isa = PBXFileReference; fileEncoding = 4; lastKnownFileType = file.xib; path = YoutubeCell.xib; sourceTree = "<group>"; };
		ED52E64C1CCB2E0300CEBAE2 /* YoutubeViewController.swift */ = {isa = PBXFileReference; fileEncoding = 4; lastKnownFileType = sourcecode.swift; path = YoutubeViewController.swift; sourceTree = "<group>"; };
		ED52E6511CCB2E8A00CEBAE2 /* ActionData.swift */ = {isa = PBXFileReference; fileEncoding = 4; lastKnownFileType = sourcecode.swift; path = ActionData.swift; sourceTree = "<group>"; };
		ED99B82A1CDC4C1900C7E43F /* PlaceActions.swift */ = {isa = PBXFileReference; fileEncoding = 4; lastKnownFileType = sourcecode.swift; path = PlaceActions.swift; sourceTree = "<group>"; };
		EDA8CEF41CAF506400A5C2ED /* SortMethods.swift */ = {isa = PBXFileReference; fileEncoding = 4; lastKnownFileType = sourcecode.swift; path = SortMethods.swift; sourceTree = "<group>"; };
		EDBAE5BF1C8E472100278A33 /* CollectionViewController.swift */ = {isa = PBXFileReference; fileEncoding = 4; lastKnownFileType = sourcecode.swift; path = CollectionViewController.swift; sourceTree = "<group>"; };
		EDBAE5C11C8E49A900278A33 /* Publisher.swift */ = {isa = PBXFileReference; fileEncoding = 4; lastKnownFileType = sourcecode.swift; path = Publisher.swift; sourceTree = "<group>"; };
		EDBAE5C31C8E4C1C00278A33 /* Publishers.swift */ = {isa = PBXFileReference; fileEncoding = 4; lastKnownFileType = sourcecode.swift; path = Publishers.swift; sourceTree = "<group>"; };
		EDD44DAC1CB4BA31008DC4AB /* RandomPlaceController.swift */ = {isa = PBXFileReference; fileEncoding = 4; lastKnownFileType = sourcecode.swift; path = RandomPlaceController.swift; sourceTree = "<group>"; };
		EDD4DCCC1CDD666C00376DF8 /* CZPickerViewController.swift */ = {isa = PBXFileReference; fileEncoding = 4; lastKnownFileType = sourcecode.swift; path = CZPickerViewController.swift; sourceTree = "<group>"; };
/* End PBXFileReference section */

/* Begin PBXFrameworksBuildPhase section */
		3CE2EE781C6C5EC8000C9088 /* Frameworks */ = {
			isa = PBXFrameworksBuildPhase;
			buildActionMask = 2147483647;
			files = (
				523E599553F6100C5348857C /* Pods.framework in Frameworks */,
			);
			runOnlyForDeploymentPostprocessing = 0;
		};
		3CE2EE8C1C6C5EC8000C9088 /* Frameworks */ = {
			isa = PBXFrameworksBuildPhase;
			buildActionMask = 2147483647;
			files = (
			);
			runOnlyForDeploymentPostprocessing = 0;
		};
		3CE2EE971C6C5EC8000C9088 /* Frameworks */ = {
			isa = PBXFrameworksBuildPhase;
			buildActionMask = 2147483647;
			files = (
			);
			runOnlyForDeploymentPostprocessing = 0;
		};
/* End PBXFrameworksBuildPhase section */

/* Begin PBXGroup section */
		3CA6CFFB1CC05A880004B989 /* Cells */ = {
			isa = PBXGroup;
			children = (
				3CBFD89C1CD4355900290F25 /* SearchPlaylistCell.swift */,
				3CD814DD1CDD659F00D2BEC6 /* SearchPeopleCell.swift */,
				9084817F1C7504AF009B6099 /* BusinessTableViewCell.swift */,
				90A943791CD2CDE8004ACE78 /* CommentTableViewCell.swift */,
				3CD0344E1CBA121300675F88 /* TableViewCell.swift */,
				3CB8D45B1CBB575F00870F38 /* ListCollectionViewCell.swift */,
			);
			name = Cells;
			path = ..;
			sourceTree = "<group>";
		};
		3CE2EE721C6C5EC8000C9088 = {
			isa = PBXGroup;
			children = (
				3CE2EE7D1C6C5EC8000C9088 /* Yelpify */,
				3CE2EE921C6C5EC8000C9088 /* YelpifyTests */,
				3CE2EE9D1C6C5EC8000C9088 /* YelpifyUITests */,
				3CE2EE7C1C6C5EC8000C9088 /* Products */,
				BD0319CE145C96AE11FDB9B3 /* Pods */,
				724BF8D6608B34D8B4CAF41D /* Frameworks */,
			);
			sourceTree = "<group>";
		};
		3CE2EE7C1C6C5EC8000C9088 /* Products */ = {
			isa = PBXGroup;
			children = (
				3CE2EE7B1C6C5EC8000C9088 /* Yelpify.app */,
				3CE2EE8F1C6C5EC8000C9088 /* YelpifyTests.xctest */,
				3CE2EE9A1C6C5EC8000C9088 /* YelpifyUITests.xctest */,
			);
			name = Products;
			sourceTree = "<group>";
		};
		3CE2EE7D1C6C5EC8000C9088 /* Yelpify */ = {
			isa = PBXGroup;
			children = (
				3CE2EE7E1C6C5EC8000C9088 /* AppDelegate.swift */,
				3CE2EE821C6C5EC8000C9088 /* Main.storyboard */,
				90B09C5F1CBC7573004F38C2 /* CardView.swift */,
				908481831C750816009B6099 /* BusinessObject.swift */,
				90711BD41CAF4DEA0032A257 /* PlaylistObject.swift */,
				EDA8CEF41CAF506400A5C2ED /* SortMethods.swift */,
				3CD916CD1CDC085200CB5AEA /* CollectionViewLayout.swift */,
				ED99B82A1CDC4C1900C7E43F /* PlaceActions.swift */,
				9025184F1C88276C00BB3E05 /* View Controllers */,
				3CA6CFFB1CC05A880004B989 /* Cells */,
				ED52E6501CCB2E0B00CEBAE2 /* ActionView */,
				90DA327A1C93614700D5EBDF /* Fonts */,
				90DC57BA1C72844B001F1891 /* API */,
				90C96AAF1CCAFA9D00E9EC28 /* Helper Modules */,
				905F87A21CD9D5A2004046CD /* Header Views */,
				9069D7651CD6B143005650F4 /* Xib */,
				902518501C88277B00BB3E05 /* Testing VCs */,
				3CE2EE851C6C5EC8000C9088 /* Assets.xcassets */,
				3CE2EE871C6C5EC8000C9088 /* LaunchScreen.storyboard */,
				3CE2EE8A1C6C5EC8000C9088 /* Info.plist */,
			);
			path = Yelpify;
			sourceTree = "<group>";
		};
		3CE2EE921C6C5EC8000C9088 /* YelpifyTests */ = {
			isa = PBXGroup;
			children = (
				3CE2EE931C6C5EC8000C9088 /* YelpifyTests.swift */,
				3CE2EE951C6C5EC8000C9088 /* Info.plist */,
			);
			path = YelpifyTests;
			sourceTree = "<group>";
		};
		3CE2EE9D1C6C5EC8000C9088 /* YelpifyUITests */ = {
			isa = PBXGroup;
			children = (
				3CE2EE9E1C6C5EC8000C9088 /* YelpifyUITests.swift */,
				3CE2EEA01C6C5EC8000C9088 /* Info.plist */,
			);
			path = YelpifyUITests;
			sourceTree = "<group>";
		};
		724BF8D6608B34D8B4CAF41D /* Frameworks */ = {
			isa = PBXGroup;
			children = (
				9025184D1C8825E700BB3E05 /* Haneke.framework */,
				68ACAEFF88A59BB74B411CE0 /* Pods.framework */,
			);
			name = Frameworks;
			sourceTree = "<group>";
		};
		9025184F1C88276C00BB3E05 /* View Controllers */ = {
			isa = PBXGroup;
			children = (
				90B6D69D1CD49888006928E8 /* SearchPagerTabStripVC.swift */,
				90DC57BB1C72A1D0001F1891 /* SearchBusinessViewController.swift */,
				905F87931CD741BB004046CD /* SearchPlaylistCollectionViewController.swift */,
				3CE1DEF71CDC831A007B08C2 /* SearchPeopleTableViewController.swift */,
				905F879C1CD99E3C004046CD /* ProfileCollectionViewController.swift */,
				3CD034501CBA122A00675F88 /* TableViewController.swift */,
				90F34CDE1CB0893300CC0870 /* SinglePlaylistViewController.swift */,
				90E505DE1C8E375200F47285 /* GPlacesSearchViewController.swift */,
				90B9B7D81C8A696F002D4BB1 /* BusinessDetailViewController.swift */,
				EDD44DAC1CB4BA31008DC4AB /* RandomPlaceController.swift */,
				ED405A0F1CC1D03C0017A9AB /* LoginViewController.swift */,
				3C7C56441CD479EF009D8B34 /* SignUpViewController.swift */,
				3C2F1C7A1CD468020081CEFA /* InitialViewController.swift */,
				9038B75D1CBCD041004B220B /* ActionsViewController.swift */,
				905F879B1CD99A03004046CD /* Yelpify-Bridging-Header.h */,
				EDD4DCCC1CDD666C00376DF8 /* CZPickerViewController.swift */,
			);
			name = "View Controllers";
			sourceTree = "<group>";
		};
		902518501C88277B00BB3E05 /* Testing VCs */ = {
			isa = PBXGroup;
			children = (
				EDBAE5BF1C8E472100278A33 /* CollectionViewController.swift */,
				EDBAE5C11C8E49A900278A33 /* Publisher.swift */,
				EDBAE5C31C8E4C1C00278A33 /* Publishers.swift */,
				906CAA301C8977B700AF3515 /* TestViewController.swift */,
				90BAD1C01C8662ED0047277E /* TestTableViewController.swift */,
				90BAD1C21C86639E0047277E /* TestTableViewCell.swift */,
			);
			name = "Testing VCs";
			sourceTree = "<group>";
		};
		905F87A21CD9D5A2004046CD /* Header Views */ = {
			isa = PBXGroup;
			children = (
				905F87A01CD9D536004046CD /* ProfileHeaderCollectionReusableView.swift */,
			);
			name = "Header Views";
			path = ..;
			sourceTree = "<group>";
		};
		9069D7651CD6B143005650F4 /* Xib */ = {
			isa = PBXGroup;
			children = (
				905F879E1CD9A453004046CD /* ProfileHeader.xib */,
				905F87951CD742C7004046CD /* ListCell.xib */,
				9069D7671CD6B15E005650F4 /* BusinessCell.xib */,
				9069D7691CD6B7F2005650F4 /* ReviewCell.xib */,
			);
			name = Xib;
			path = ..;
			sourceTree = "<group>";
		};
		90C177D71CCB50AE007344CE /* TabSwipe */ = {
			isa = PBXGroup;
			children = (
				90C177DC1CCB5B85007344CE /* PostCell.xib */,
				90C177DD1CCB5B85007344CE /* PostCell.swift */,
				90C177DE1CCB5B85007344CE /* DataProvider.swift */,
				90C177D81CCB5B4A007344CE /* ChildExampleViewController.swift */,
				90C177D91CCB5B4A007344CE /* TableChildExampleViewController.swift */,
				90C177D11CCB50A6007344CE /* YoutubeExampleViewController.swift */,
				90C177D21CCB50A6007344CE /* YoutubeIconCell.swift */,
				90C177D31CCB50A6007344CE /* YoutubeIconCell.xib */,
			);
			name = TabSwipe;
			sourceTree = "<group>";
		};
		90C96AAF1CCAFA9D00E9EC28 /* Helper Modules */ = {
			isa = PBXGroup;
			children = (
				90C177D71CCB50AE007344CE /* TabSwipe */,
				90E505E11C8E944100F47285 /* CustomSearchController.swift */,
				90E505E31C8E946700F47285 /* CustomSearchBar.swift */,
				90B6D69B1CD35BBE006928E8 /* CustomSegue.swift */,
				90C96AAD1CCAF72B00E9EC28 /* ConfigureFunctions.swift */,
			);
			name = "Helper Modules";
			sourceTree = "<group>";
		};
		90DA327A1C93614700D5EBDF /* Fonts */ = {
			isa = PBXGroup;
			children = (
				90DA327B1C93615100D5EBDF /* OpenSans-Bold.ttf */,
				90DA327C1C93615100D5EBDF /* OpenSans-ExtraBold.ttf */,
				90DA327D1C93615100D5EBDF /* OpenSans-Light.ttf */,
				90DA327E1C93615100D5EBDF /* OpenSans-Semibold.ttf */,
				90DA327F1C93615100D5EBDF /* OpenSans-Regular.ttf */,
				90DA32801C93615100D5EBDF /* OpenSans-ExtraBoldItalic.ttf */,
				90DA32811C93615100D5EBDF /* OpenSans-BoldItalic.ttf */,
				90DA32821C93615100D5EBDF /* OpenSans-LightItalic.ttf */,
				90DA32831C93615100D5EBDF /* OpenSans-Italic.ttf */,
				90DA32841C93615100D5EBDF /* OpenSans-SemiboldItalic.ttf */,
				90DA32711C93613600D5EBDF /* Montserrat-ExtraBold.otf */,
				90DA32721C93613600D5EBDF /* Montserrat-SemiBold.otf */,
				90DA32731C93613600D5EBDF /* Montserrat-UltraLight.otf */,
				90DA32741C93613600D5EBDF /* Montserrat-Bold.otf */,
				90DA32751C93613600D5EBDF /* Montserrat-Regular.otf */,
				90DA32761C93613600D5EBDF /* Montserrat-Black.otf */,
				90DA32771C93613600D5EBDF /* Montserrat-Light.otf */,
				90DA32781C93613600D5EBDF /* Montserrat-Hairline.otf */,
			);
			name = Fonts;
			sourceTree = "<group>";
		};
		90DC57BA1C72844B001F1891 /* API */ = {
			isa = PBXGroup;
			children = (
				907E0CEA1C7828E100872135 /* APIDataHandler.swift */,
				90DC57B81C72843A001F1891 /* YelpAPIClient.swift */,
				907E0CE61C77F34100872135 /* GooglePlacesAPIClient.swift */,
				907E0CE41C76768D00872135 /* LocuAPIClient.swift */,
			);
			name = API;
			sourceTree = "<group>";
		};
		BD0319CE145C96AE11FDB9B3 /* Pods */ = {
			isa = PBXGroup;
			children = (
				B140D093A1A89D68777F3561 /* Pods.debug.xcconfig */,
				981001A34CAB5A147D7CB122 /* Pods.release.xcconfig */,
			);
			name = Pods;
			sourceTree = "<group>";
		};
		ED52E6501CCB2E0B00CEBAE2 /* ActionView */ = {
			isa = PBXGroup;
			children = (
				ED52E6511CCB2E8A00CEBAE2 /* ActionData.swift */,
				ED52E64A1CCB2E0300CEBAE2 /* YoutubeActionController.swift */,
				ED52E64B1CCB2E0300CEBAE2 /* YoutubeCell.xib */,
				ED52E64C1CCB2E0300CEBAE2 /* YoutubeViewController.swift */,
			);
			name = ActionView;
			sourceTree = "<group>";
		};
/* End PBXGroup section */

/* Begin PBXNativeTarget section */
		3CE2EE7A1C6C5EC8000C9088 /* Yelpify */ = {
			isa = PBXNativeTarget;
			buildConfigurationList = 3CE2EEA31C6C5EC8000C9088 /* Build configuration list for PBXNativeTarget "Yelpify" */;
			buildPhases = (
				52B8E3617F849EA48C20C496 /* Check Pods Manifest.lock */,
				3CE2EE771C6C5EC8000C9088 /* Sources */,
				3CE2EE781C6C5EC8000C9088 /* Frameworks */,
				3CE2EE791C6C5EC8000C9088 /* Resources */,
				0D8B288C3833E3DBFE8074D6 /* Embed Pods Frameworks */,
				4D33A192B14A60607DEE284D /* Copy Pods Resources */,
				90E505E01C8E4E8100F47285 /* ShellScript */,
			);
			buildRules = (
			);
			dependencies = (
			);
			name = Yelpify;
			productName = Yelpify;
			productReference = 3CE2EE7B1C6C5EC8000C9088 /* Yelpify.app */;
			productType = "com.apple.product-type.application";
		};
		3CE2EE8E1C6C5EC8000C9088 /* YelpifyTests */ = {
			isa = PBXNativeTarget;
			buildConfigurationList = 3CE2EEA61C6C5EC8000C9088 /* Build configuration list for PBXNativeTarget "YelpifyTests" */;
			buildPhases = (
				3CE2EE8B1C6C5EC8000C9088 /* Sources */,
				3CE2EE8C1C6C5EC8000C9088 /* Frameworks */,
				3CE2EE8D1C6C5EC8000C9088 /* Resources */,
			);
			buildRules = (
			);
			dependencies = (
				3CE2EE911C6C5EC8000C9088 /* PBXTargetDependency */,
			);
			name = YelpifyTests;
			productName = YelpifyTests;
			productReference = 3CE2EE8F1C6C5EC8000C9088 /* YelpifyTests.xctest */;
			productType = "com.apple.product-type.bundle.unit-test";
		};
		3CE2EE991C6C5EC8000C9088 /* YelpifyUITests */ = {
			isa = PBXNativeTarget;
			buildConfigurationList = 3CE2EEA91C6C5EC8000C9088 /* Build configuration list for PBXNativeTarget "YelpifyUITests" */;
			buildPhases = (
				3CE2EE961C6C5EC8000C9088 /* Sources */,
				3CE2EE971C6C5EC8000C9088 /* Frameworks */,
				3CE2EE981C6C5EC8000C9088 /* Resources */,
			);
			buildRules = (
			);
			dependencies = (
				3CE2EE9C1C6C5EC8000C9088 /* PBXTargetDependency */,
			);
			name = YelpifyUITests;
			productName = YelpifyUITests;
			productReference = 3CE2EE9A1C6C5EC8000C9088 /* YelpifyUITests.xctest */;
			productType = "com.apple.product-type.bundle.ui-testing";
		};
/* End PBXNativeTarget section */

/* Begin PBXProject section */
		3CE2EE731C6C5EC8000C9088 /* Project object */ = {
			isa = PBXProject;
			attributes = {
				LastSwiftUpdateCheck = 0730;
				LastUpgradeCheck = 0720;
				ORGANIZATIONNAME = Yelpify;
				TargetAttributes = {
					3CE2EE7A1C6C5EC8000C9088 = {
						CreatedOnToolsVersion = 7.2.1;
						DevelopmentTeam = 3K6Q37NEBQ;
					};
					3CE2EE8E1C6C5EC8000C9088 = {
						CreatedOnToolsVersion = 7.2.1;
						DevelopmentTeam = G6YM58LRJE;
						TestTargetID = 3CE2EE7A1C6C5EC8000C9088;
					};
					3CE2EE991C6C5EC8000C9088 = {
						CreatedOnToolsVersion = 7.2.1;
						DevelopmentTeam = G6YM58LRJE;
						TestTargetID = 3CE2EE7A1C6C5EC8000C9088;
					};
				};
			};
			buildConfigurationList = 3CE2EE761C6C5EC8000C9088 /* Build configuration list for PBXProject "Yelpify" */;
			compatibilityVersion = "Xcode 3.2";
			developmentRegion = English;
			hasScannedForEncodings = 0;
			knownRegions = (
				en,
				Base,
			);
			mainGroup = 3CE2EE721C6C5EC8000C9088;
			productRefGroup = 3CE2EE7C1C6C5EC8000C9088 /* Products */;
			projectDirPath = "";
			projectRoot = "";
			targets = (
				3CE2EE7A1C6C5EC8000C9088 /* Yelpify */,
				3CE2EE8E1C6C5EC8000C9088 /* YelpifyTests */,
				3CE2EE991C6C5EC8000C9088 /* YelpifyUITests */,
			);
		};
/* End PBXProject section */

/* Begin PBXResourcesBuildPhase section */
		3CE2EE791C6C5EC8000C9088 /* Resources */ = {
			isa = PBXResourcesBuildPhase;
			buildActionMask = 2147483647;
			files = (
				90C177D61CCB50A6007344CE /* YoutubeIconCell.xib in Resources */,
				901DFAEC1CBF481800AFD002 /* Main.storyboard in Resources */,
				90DA32921C93616700D5EBDF /* Montserrat-Bold.otf in Resources */,
				90DA32941C93616700D5EBDF /* Montserrat-Black.otf in Resources */,
				905F879F1CD9A453004046CD /* ProfileHeader.xib in Resources */,
				90DA328F1C93616700D5EBDF /* Montserrat-ExtraBold.otf in Resources */,
				90DA32871C93616700D5EBDF /* OpenSans-Light.ttf in Resources */,
				90DA328E1C93616700D5EBDF /* OpenSans-SemiboldItalic.ttf in Resources */,
				90DA328A1C93616700D5EBDF /* OpenSans-ExtraBoldItalic.ttf in Resources */,
				3CE2EE891C6C5EC8000C9088 /* LaunchScreen.storyboard in Resources */,
				3CE2EE861C6C5EC8000C9088 /* Assets.xcassets in Resources */,
				9069D7681CD6B15E005650F4 /* BusinessCell.xib in Resources */,
				9069D76A1CD6B7F2005650F4 /* ReviewCell.xib in Resources */,
				90DA328B1C93616700D5EBDF /* OpenSans-BoldItalic.ttf in Resources */,
				90DA32961C93616700D5EBDF /* Montserrat-Hairline.otf in Resources */,
				90DA328C1C93616700D5EBDF /* OpenSans-LightItalic.ttf in Resources */,
				90DA32851C93616700D5EBDF /* OpenSans-Bold.ttf in Resources */,
				90DA32901C93616700D5EBDF /* Montserrat-SemiBold.otf in Resources */,
				90DA32881C93616700D5EBDF /* OpenSans-Semibold.ttf in Resources */,
				90DA32911C93616700D5EBDF /* Montserrat-UltraLight.otf in Resources */,
				905F87961CD742C7004046CD /* ListCell.xib in Resources */,
				90DA32951C93616700D5EBDF /* Montserrat-Light.otf in Resources */,
				90DA328D1C93616700D5EBDF /* OpenSans-Italic.ttf in Resources */,
				90C177DF1CCB5B85007344CE /* PostCell.xib in Resources */,
				90DA32891C93616700D5EBDF /* OpenSans-Regular.ttf in Resources */,
				ED52E64E1CCB2E0300CEBAE2 /* YoutubeCell.xib in Resources */,
				90DA32861C93616700D5EBDF /* OpenSans-ExtraBold.ttf in Resources */,
				90DA32931C93616700D5EBDF /* Montserrat-Regular.otf in Resources */,
			);
			runOnlyForDeploymentPostprocessing = 0;
		};
		3CE2EE8D1C6C5EC8000C9088 /* Resources */ = {
			isa = PBXResourcesBuildPhase;
			buildActionMask = 2147483647;
			files = (
			);
			runOnlyForDeploymentPostprocessing = 0;
		};
		3CE2EE981C6C5EC8000C9088 /* Resources */ = {
			isa = PBXResourcesBuildPhase;
			buildActionMask = 2147483647;
			files = (
			);
			runOnlyForDeploymentPostprocessing = 0;
		};
/* End PBXResourcesBuildPhase section */

/* Begin PBXShellScriptBuildPhase section */
		0D8B288C3833E3DBFE8074D6 /* Embed Pods Frameworks */ = {
			isa = PBXShellScriptBuildPhase;
			buildActionMask = 2147483647;
			files = (
			);
			inputPaths = (
			);
			name = "Embed Pods Frameworks";
			outputPaths = (
			);
			runOnlyForDeploymentPostprocessing = 0;
			shellPath = /bin/sh;
			shellScript = "\"${SRCROOT}/Pods/Target Support Files/Pods/Pods-frameworks.sh\"\n";
			showEnvVarsInLog = 0;
		};
		4D33A192B14A60607DEE284D /* Copy Pods Resources */ = {
			isa = PBXShellScriptBuildPhase;
			buildActionMask = 2147483647;
			files = (
			);
			inputPaths = (
			);
			name = "Copy Pods Resources";
			outputPaths = (
			);
			runOnlyForDeploymentPostprocessing = 0;
			shellPath = /bin/sh;
			shellScript = "\"${SRCROOT}/Pods/Target Support Files/Pods/Pods-resources.sh\"\n";
			showEnvVarsInLog = 0;
		};
		52B8E3617F849EA48C20C496 /* Check Pods Manifest.lock */ = {
			isa = PBXShellScriptBuildPhase;
			buildActionMask = 2147483647;
			files = (
			);
			inputPaths = (
			);
			name = "Check Pods Manifest.lock";
			outputPaths = (
			);
			runOnlyForDeploymentPostprocessing = 0;
			shellPath = /bin/sh;
			shellScript = "diff \"${PODS_ROOT}/../Podfile.lock\" \"${PODS_ROOT}/Manifest.lock\" > /dev/null\nif [[ $? != 0 ]] ; then\n    cat << EOM\nerror: The sandbox is not in sync with the Podfile.lock. Run 'pod install' or update your CocoaPods installation.\nEOM\n    exit 1\nfi\n";
			showEnvVarsInLog = 0;
		};
		90E505E01C8E4E8100F47285 /* ShellScript */ = {
			isa = PBXShellScriptBuildPhase;
			buildActionMask = 2147483647;
			files = (
			);
			inputPaths = (
			);
			outputPaths = (
			);
			runOnlyForDeploymentPostprocessing = 0;
			shellPath = /bin/sh;
			shellScript = "# Set the build number to the count of Git commits\nbuildNumber=$(git rev-list HEAD | wc -l | tr -d ' ')\n/usr/libexec/PlistBuddy -c \"Set :CFBundleVersion $buildNumber\" \"${PROJECT_DIR}/${INFOPLIST_FILE}\"\n\n# Set the build number to \"DEVELOPMENT\"\n/usr/libexec/PlistBuddy -c \"Set :CFBundleVersion DEVELOPMENT\" \"${PROJECT_DIR}/${INFOPLIST_FILE}\"";
		};
/* End PBXShellScriptBuildPhase section */

/* Begin PBXSourcesBuildPhase section */
		3CE2EE771C6C5EC8000C9088 /* Sources */ = {
			isa = PBXSourcesBuildPhase;
			buildActionMask = 2147483647;
			files = (
				90DC57BC1C72A1D0001F1891 /* SearchBusinessViewController.swift in Sources */,
				90C177DB1CCB5B4A007344CE /* TableChildExampleViewController.swift in Sources */,
				3CE1DEF81CDC831A007B08C2 /* SearchPeopleTableViewController.swift in Sources */,
				3CD034511CBA122A00675F88 /* TableViewController.swift in Sources */,
				90F34CDF1CB0893300CC0870 /* SinglePlaylistViewController.swift in Sources */,
				90C177D51CCB50A6007344CE /* YoutubeIconCell.swift in Sources */,
				90E505DF1C8E375200F47285 /* GPlacesSearchViewController.swift in Sources */,
				90B6D69C1CD35BBE006928E8 /* CustomSegue.swift in Sources */,
				907E0CE51C76768D00872135 /* LocuAPIClient.swift in Sources */,
				90711BD51CAF4DEA0032A257 /* PlaylistObject.swift in Sources */,
				90C96AAE1CCAF72B00E9EC28 /* ConfigureFunctions.swift in Sources */,
				905F879D1CD99E3C004046CD /* ProfileCollectionViewController.swift in Sources */,
				9038B75E1CBCD041004B220B /* ActionsViewController.swift in Sources */,
				90B6D69E1CD49888006928E8 /* SearchPagerTabStripVC.swift in Sources */,
				3CBFD89D1CD4355900290F25 /* SearchPlaylistCell.swift in Sources */,
				3CD0344F1CBA121300675F88 /* TableViewCell.swift in Sources */,
				905F87941CD741BB004046CD /* SearchPlaylistCollectionViewController.swift in Sources */,
				3CD916CE1CDC085200CB5AEA /* CollectionViewLayout.swift in Sources */,
				EDD4DCCD1CDD666C00376DF8 /* CZPickerViewController.swift in Sources */,
				907E0CEB1C7828E100872135 /* APIDataHandler.swift in Sources */,
				907E0CE71C77F34100872135 /* GooglePlacesAPIClient.swift in Sources */,
				90E505E21C8E944100F47285 /* CustomSearchController.swift in Sources */,
				3CB8D45C1CBB575F00870F38 /* ListCollectionViewCell.swift in Sources */,
				90C177E01CCB5B85007344CE /* PostCell.swift in Sources */,
				90C177DA1CCB5B4A007344CE /* ChildExampleViewController.swift in Sources */,
				90C177D41CCB50A6007344CE /* YoutubeExampleViewController.swift in Sources */,
				3C7C56451CD479EF009D8B34 /* SignUpViewController.swift in Sources */,
				EDA8CEF51CAF506400A5C2ED /* SortMethods.swift in Sources */,
				90DC57B91C72843A001F1891 /* YelpAPIClient.swift in Sources */,
				90BAD1C31C86639E0047277E /* TestTableViewCell.swift in Sources */,
				3CE2EE7F1C6C5EC8000C9088 /* AppDelegate.swift in Sources */,
				90E505E41C8E946700F47285 /* CustomSearchBar.swift in Sources */,
				90B9B7D91C8A696F002D4BB1 /* BusinessDetailViewController.swift in Sources */,
				906CAA311C8977B700AF3515 /* TestViewController.swift in Sources */,
				905F87A11CD9D536004046CD /* ProfileHeaderCollectionReusableView.swift in Sources */,
				90B09C601CBC7573004F38C2 /* CardView.swift in Sources */,
				EDD44DAD1CB4BA31008DC4AB /* RandomPlaceController.swift in Sources */,
				90FBF9121CCF27D800355AB3 /* ActionData.swift in Sources */,
				90C177E11CCB5B85007344CE /* DataProvider.swift in Sources */,
				908481841C750816009B6099 /* BusinessObject.swift in Sources */,
				3CD814DE1CDD659F00D2BEC6 /* SearchPeopleCell.swift in Sources */,
				ED52E64F1CCB2E0300CEBAE2 /* YoutubeViewController.swift in Sources */,
				908481801C7504AF009B6099 /* BusinessTableViewCell.swift in Sources */,
				ED99B82B1CDC4C1900C7E43F /* PlaceActions.swift in Sources */,
				ED405A101CC1D03C0017A9AB /* LoginViewController.swift in Sources */,
				90BAD1C11C8662ED0047277E /* TestTableViewController.swift in Sources */,
				ED52E64D1CCB2E0300CEBAE2 /* YoutubeActionController.swift in Sources */,
				3C2F1C7B1CD468020081CEFA /* InitialViewController.swift in Sources */,
				90A9437A1CD2CDE8004ACE78 /* CommentTableViewCell.swift in Sources */,
			);
			runOnlyForDeploymentPostprocessing = 0;
		};
		3CE2EE8B1C6C5EC8000C9088 /* Sources */ = {
			isa = PBXSourcesBuildPhase;
			buildActionMask = 2147483647;
			files = (
				3CE2EE941C6C5EC8000C9088 /* YelpifyTests.swift in Sources */,
			);
			runOnlyForDeploymentPostprocessing = 0;
		};
		3CE2EE961C6C5EC8000C9088 /* Sources */ = {
			isa = PBXSourcesBuildPhase;
			buildActionMask = 2147483647;
			files = (
				3CE2EE9F1C6C5EC8000C9088 /* YelpifyUITests.swift in Sources */,
			);
			runOnlyForDeploymentPostprocessing = 0;
		};
/* End PBXSourcesBuildPhase section */

/* Begin PBXTargetDependency section */
		3CE2EE911C6C5EC8000C9088 /* PBXTargetDependency */ = {
			isa = PBXTargetDependency;
			target = 3CE2EE7A1C6C5EC8000C9088 /* Yelpify */;
			targetProxy = 3CE2EE901C6C5EC8000C9088 /* PBXContainerItemProxy */;
		};
		3CE2EE9C1C6C5EC8000C9088 /* PBXTargetDependency */ = {
			isa = PBXTargetDependency;
			target = 3CE2EE7A1C6C5EC8000C9088 /* Yelpify */;
			targetProxy = 3CE2EE9B1C6C5EC8000C9088 /* PBXContainerItemProxy */;
		};
/* End PBXTargetDependency section */

/* Begin PBXVariantGroup section */
		3CE2EE821C6C5EC8000C9088 /* Main.storyboard */ = {
			isa = PBXVariantGroup;
			children = (
				3CE2EE831C6C5EC8000C9088 /* Base */,
			);
			name = Main.storyboard;
			sourceTree = "<group>";
		};
		3CE2EE871C6C5EC8000C9088 /* LaunchScreen.storyboard */ = {
			isa = PBXVariantGroup;
			children = (
				3CE2EE881C6C5EC8000C9088 /* Base */,
			);
			name = LaunchScreen.storyboard;
			sourceTree = "<group>";
		};
/* End PBXVariantGroup section */

/* Begin XCBuildConfiguration section */
		3CE2EEA11C6C5EC8000C9088 /* Debug */ = {
			isa = XCBuildConfiguration;
			buildSettings = {
				ALWAYS_SEARCH_USER_PATHS = NO;
				CLANG_CXX_LANGUAGE_STANDARD = "gnu++0x";
				CLANG_CXX_LIBRARY = "libc++";
				CLANG_ENABLE_MODULES = YES;
				CLANG_ENABLE_OBJC_ARC = YES;
				CLANG_WARN_BOOL_CONVERSION = YES;
				CLANG_WARN_CONSTANT_CONVERSION = YES;
				CLANG_WARN_DIRECT_OBJC_ISA_USAGE = YES_ERROR;
				CLANG_WARN_EMPTY_BODY = YES;
				CLANG_WARN_ENUM_CONVERSION = YES;
				CLANG_WARN_INT_CONVERSION = YES;
				CLANG_WARN_OBJC_ROOT_CLASS = YES_ERROR;
				CLANG_WARN_UNREACHABLE_CODE = YES;
				CLANG_WARN__DUPLICATE_METHOD_MATCH = YES;
				"CODE_SIGN_IDENTITY[sdk=iphoneos*]" = "iPhone Developer";
				COPY_PHASE_STRIP = NO;
				DEBUG_INFORMATION_FORMAT = dwarf;
				ENABLE_STRICT_OBJC_MSGSEND = YES;
				ENABLE_TESTABILITY = YES;
				FRAMEWORK_SEARCH_PATHS = /Users/kaylab/Documents/FacebookSDK;
				GCC_C_LANGUAGE_STANDARD = gnu99;
				GCC_DYNAMIC_NO_PIC = NO;
				GCC_NO_COMMON_BLOCKS = YES;
				GCC_OPTIMIZATION_LEVEL = 0;
				GCC_PREPROCESSOR_DEFINITIONS = (
					"DEBUG=1",
					"$(inherited)",
				);
				GCC_WARN_64_TO_32_BIT_CONVERSION = YES;
				GCC_WARN_ABOUT_RETURN_TYPE = YES_ERROR;
				GCC_WARN_UNDECLARED_SELECTOR = YES;
				GCC_WARN_UNINITIALIZED_AUTOS = YES_AGGRESSIVE;
				GCC_WARN_UNUSED_FUNCTION = YES;
				GCC_WARN_UNUSED_VARIABLE = YES;
				IPHONEOS_DEPLOYMENT_TARGET = 8.0;
				MTL_ENABLE_DEBUG_INFO = YES;
				ONLY_ACTIVE_ARCH = YES;
				SDKROOT = iphoneos;
				SWIFT_OPTIMIZATION_LEVEL = "-Onone";
			};
			name = Debug;
		};
		3CE2EEA21C6C5EC8000C9088 /* Release */ = {
			isa = XCBuildConfiguration;
			buildSettings = {
				ALWAYS_SEARCH_USER_PATHS = NO;
				CLANG_CXX_LANGUAGE_STANDARD = "gnu++0x";
				CLANG_CXX_LIBRARY = "libc++";
				CLANG_ENABLE_MODULES = YES;
				CLANG_ENABLE_OBJC_ARC = YES;
				CLANG_WARN_BOOL_CONVERSION = YES;
				CLANG_WARN_CONSTANT_CONVERSION = YES;
				CLANG_WARN_DIRECT_OBJC_ISA_USAGE = YES_ERROR;
				CLANG_WARN_EMPTY_BODY = YES;
				CLANG_WARN_ENUM_CONVERSION = YES;
				CLANG_WARN_INT_CONVERSION = YES;
				CLANG_WARN_OBJC_ROOT_CLASS = YES_ERROR;
				CLANG_WARN_UNREACHABLE_CODE = YES;
				CLANG_WARN__DUPLICATE_METHOD_MATCH = YES;
				"CODE_SIGN_IDENTITY[sdk=iphoneos*]" = "iPhone Developer";
				COPY_PHASE_STRIP = NO;
				DEBUG_INFORMATION_FORMAT = "dwarf-with-dsym";
				ENABLE_NS_ASSERTIONS = NO;
				ENABLE_STRICT_OBJC_MSGSEND = YES;
				FRAMEWORK_SEARCH_PATHS = /Users/kaylab/Documents/FacebookSDK;
				GCC_C_LANGUAGE_STANDARD = gnu99;
				GCC_NO_COMMON_BLOCKS = YES;
				GCC_WARN_64_TO_32_BIT_CONVERSION = YES;
				GCC_WARN_ABOUT_RETURN_TYPE = YES_ERROR;
				GCC_WARN_UNDECLARED_SELECTOR = YES;
				GCC_WARN_UNINITIALIZED_AUTOS = YES_AGGRESSIVE;
				GCC_WARN_UNUSED_FUNCTION = YES;
				GCC_WARN_UNUSED_VARIABLE = YES;
				IPHONEOS_DEPLOYMENT_TARGET = 8.0;
				MTL_ENABLE_DEBUG_INFO = NO;
				SDKROOT = iphoneos;
				VALIDATE_PRODUCT = YES;
			};
			name = Release;
		};
		3CE2EEA41C6C5EC8000C9088 /* Debug */ = {
			isa = XCBuildConfiguration;
			baseConfigurationReference = B140D093A1A89D68777F3561 /* Pods.debug.xcconfig */;
			buildSettings = {
				ASSETCATALOG_COMPILER_APPICON_NAME = AppIcon;
				CLANG_ALLOW_NON_MODULAR_INCLUDES_IN_FRAMEWORK_MODULES = YES;
				CLANG_ENABLE_MODULES = YES;
				CODE_SIGN_IDENTITY = "iPhone Developer";
				"CODE_SIGN_IDENTITY[sdk=iphoneos*]" = "iPhone Developer";
				ENABLE_BITCODE = YES;
				FRAMEWORK_SEARCH_PATHS = (
					"$(inherited)",
					"$(PROJECT_DIR)",
					"$(PROJECT_DIR)/build/Debug-iphoneos",
				);
				INFOPLIST_FILE = Yelpify/Info.plist;
				IPHONEOS_DEPLOYMENT_TARGET = 9.0;
				LD_RUNPATH_SEARCH_PATHS = "$(inherited) @executable_path/Frameworks";
				PRODUCT_BUNDLE_IDENTIFIER = yelpify11;
				PRODUCT_NAME = "$(TARGET_NAME)";
				PROVISIONING_PROFILE = "";
				SWIFT_OBJC_BRIDGING_HEADER = "Yelpify/Yelpify-Bridging-Header.h";
			};
			name = Debug;
		};
		3CE2EEA51C6C5EC8000C9088 /* Release */ = {
			isa = XCBuildConfiguration;
			baseConfigurationReference = 981001A34CAB5A147D7CB122 /* Pods.release.xcconfig */;
			buildSettings = {
				ASSETCATALOG_COMPILER_APPICON_NAME = AppIcon;
				CLANG_ALLOW_NON_MODULAR_INCLUDES_IN_FRAMEWORK_MODULES = YES;
				CLANG_ENABLE_MODULES = YES;
				CODE_SIGN_IDENTITY = "iPhone Developer";
				"CODE_SIGN_IDENTITY[sdk=iphoneos*]" = "iPhone Developer";
				ENABLE_BITCODE = YES;
				FRAMEWORK_SEARCH_PATHS = (
					"$(inherited)",
					"$(PROJECT_DIR)",
					"$(PROJECT_DIR)/build/Debug-iphoneos",
				);
				INFOPLIST_FILE = Yelpify/Info.plist;
				IPHONEOS_DEPLOYMENT_TARGET = 9.0;
				LD_RUNPATH_SEARCH_PATHS = "$(inherited) @executable_path/Frameworks";
				PRODUCT_BUNDLE_IDENTIFIER = yelpify11;
				PRODUCT_NAME = "$(TARGET_NAME)";
				PROVISIONING_PROFILE = "";
				SWIFT_OBJC_BRIDGING_HEADER = "Yelpify/Yelpify-Bridging-Header.h";
			};
			name = Release;
		};
		3CE2EEA71C6C5EC8000C9088 /* Debug */ = {
			isa = XCBuildConfiguration;
			buildSettings = {
				BUNDLE_LOADER = "$(TEST_HOST)";
				INFOPLIST_FILE = YelpifyTests/Info.plist;
				LD_RUNPATH_SEARCH_PATHS = "$(inherited) @executable_path/Frameworks @loader_path/Frameworks";
				PRODUCT_BUNDLE_IDENTIFIER = com.Yelpify.YelpifyTests;
				PRODUCT_NAME = "$(TARGET_NAME)";
				TEST_HOST = "$(BUILT_PRODUCTS_DIR)/Yelpify.app/Yelpify";
			};
			name = Debug;
		};
		3CE2EEA81C6C5EC8000C9088 /* Release */ = {
			isa = XCBuildConfiguration;
			buildSettings = {
				BUNDLE_LOADER = "$(TEST_HOST)";
				INFOPLIST_FILE = YelpifyTests/Info.plist;
				LD_RUNPATH_SEARCH_PATHS = "$(inherited) @executable_path/Frameworks @loader_path/Frameworks";
				PRODUCT_BUNDLE_IDENTIFIER = com.Yelpify.YelpifyTests;
				PRODUCT_NAME = "$(TARGET_NAME)";
				TEST_HOST = "$(BUILT_PRODUCTS_DIR)/Yelpify.app/Yelpify";
			};
			name = Release;
		};
		3CE2EEAA1C6C5EC8000C9088 /* Debug */ = {
			isa = XCBuildConfiguration;
			buildSettings = {
				INFOPLIST_FILE = YelpifyUITests/Info.plist;
				LD_RUNPATH_SEARCH_PATHS = "$(inherited) @executable_path/Frameworks @loader_path/Frameworks";
				PRODUCT_BUNDLE_IDENTIFIER = com.Yelpify.YelpifyUITests;
				PRODUCT_NAME = "$(TARGET_NAME)";
				TEST_TARGET_NAME = Yelpify;
				USES_XCTRUNNER = YES;
			};
			name = Debug;
		};
		3CE2EEAB1C6C5EC8000C9088 /* Release */ = {
			isa = XCBuildConfiguration;
			buildSettings = {
				INFOPLIST_FILE = YelpifyUITests/Info.plist;
				LD_RUNPATH_SEARCH_PATHS = "$(inherited) @executable_path/Frameworks @loader_path/Frameworks";
				PRODUCT_BUNDLE_IDENTIFIER = com.Yelpify.YelpifyUITests;
				PRODUCT_NAME = "$(TARGET_NAME)";
				TEST_TARGET_NAME = Yelpify;
				USES_XCTRUNNER = YES;
			};
			name = Release;
		};
/* End XCBuildConfiguration section */

/* Begin XCConfigurationList section */
		3CE2EE761C6C5EC8000C9088 /* Build configuration list for PBXProject "Yelpify" */ = {
			isa = XCConfigurationList;
			buildConfigurations = (
				3CE2EEA11C6C5EC8000C9088 /* Debug */,
				3CE2EEA21C6C5EC8000C9088 /* Release */,
			);
			defaultConfigurationIsVisible = 0;
			defaultConfigurationName = Release;
		};
		3CE2EEA31C6C5EC8000C9088 /* Build configuration list for PBXNativeTarget "Yelpify" */ = {
			isa = XCConfigurationList;
			buildConfigurations = (
				3CE2EEA41C6C5EC8000C9088 /* Debug */,
				3CE2EEA51C6C5EC8000C9088 /* Release */,
			);
			defaultConfigurationIsVisible = 0;
			defaultConfigurationName = Release;
		};
		3CE2EEA61C6C5EC8000C9088 /* Build configuration list for PBXNativeTarget "YelpifyTests" */ = {
			isa = XCConfigurationList;
			buildConfigurations = (
				3CE2EEA71C6C5EC8000C9088 /* Debug */,
				3CE2EEA81C6C5EC8000C9088 /* Release */,
			);
			defaultConfigurationIsVisible = 0;
			defaultConfigurationName = Release;
		};
		3CE2EEA91C6C5EC8000C9088 /* Build configuration list for PBXNativeTarget "YelpifyUITests" */ = {
			isa = XCConfigurationList;
			buildConfigurations = (
				3CE2EEAA1C6C5EC8000C9088 /* Debug */,
				3CE2EEAB1C6C5EC8000C9088 /* Release */,
			);
			defaultConfigurationIsVisible = 0;
			defaultConfigurationName = Release;
		};
/* End XCConfigurationList section */
	};
	rootObject = 3CE2EE731C6C5EC8000C9088 /* Project object */;
}
