PODS:
  - Alamofire (3.4.0)
  - BetterSegmentedControl (0.3)
  - Bolts (1.7.0):
    - Bolts/AppLinks (= 1.7.0)
    - Bolts/Tasks (= 1.7.0)
  - Bolts/AppLinks (1.7.0):
    - Bolts/Tasks
  - Bolts/Tasks (1.7.0)
  - Buglife (1.0.4)
  - Cosmos (1.2.2)
  - CZPicker (0.4.2)
  - DGElasticPullToRefresh (1.0.3)
  - FBSDKCoreKit (4.11.0):
    - Bolts (~> 1.7)
  - FBSDKLoginKit (4.11.0):
    - FBSDKCoreKit
  - FBSDKMessengerShareKit (1.3.2)
  - FBSDKShareKit (4.11.0):
    - FBSDKCoreKit
  - GoogleMaps (1.13.2)
  - HanekeSwift (0.10.1)
  - MGSwipeTableCell (1.5.5)
  - Parse (1.13.0):
    - Bolts/Tasks (~> 1.6)
  - ParseUI (1.2.0):
    - Bolts/Tasks (~> 1.3)
    - Parse (~> 1.9)
  - RAMAnimatedTabBarController (1.4.0)
  - SwiftLocation (0.9.0)
  - SwiftyJSON (2.3.2)
  - XLActionController (2.0.0):
    - XLActionController/Core (= 2.0.0)
  - XLActionController/Core (2.0.0)
  - XLPagerTabStrip (5.0.0)

DEPENDENCIES:
  - Alamofire
  - BetterSegmentedControl
  - Buglife
  - Cosmos
  - CZPicker
  - DGElasticPullToRefresh
  - FBSDKCoreKit
  - FBSDKLoginKit
  - FBSDKMessengerShareKit
  - FBSDKShareKit
  - GoogleMaps
  - HanekeSwift
  - MGSwipeTableCell
  - Parse
  - ParseUI
  - RAMAnimatedTabBarController
  - SwiftLocation
  - SwiftyJSON
  - XLActionController
  - XLPagerTabStrip

SPEC CHECKSUMS:
  Alamofire: c19a627cefd6a95f840401c49ab1f124e07f54ee
  BetterSegmentedControl: d41b1785e2f0d3f823ce5017d0482440cc6aa584
  Bolts: a0058fa3b331c5a1e4402d534f2dae36dbff31e4
  Buglife: d255a5239819833e7d9a78c8546591a8b846b8f9
  Cosmos: 87c49100c69d2cb2eebfa4eb8d1e801fe29ff774
  CZPicker: df3d8d0511595b7cd2f032263c82c611d45a9b8e
  DGElasticPullToRefresh: 040f39ae69840b3261d163fe6735c5901bf851e9
  FBSDKCoreKit: 686ac982723a14ec9ddb85e2f81235d7706c891b
  FBSDKLoginKit: bade9fc78277764149ccc5bfaadbf13c83175c6a
  FBSDKMessengerShareKit: 41c0b1a667d685c9433f993eb9611b3d5074e1cb
  FBSDKShareKit: 2d1746144cfc8a9dbbd24997c34ee0471be51b6a
  GoogleMaps: b20a103ff307f58392e603cf142e59d7e30374c1
  HanekeSwift: 08e47d3d0f2899ec58e5d257beba0de619aca9e8
  MGSwipeTableCell: bafeb5f351124544c9364ecbdf24c7b06a37d340
  Parse: f51c24d2feb412e4b2d6cc73d37cb24e8d0089bc
  ParseUI: af2eba584799da4a9fbdac0e178662d7438b502e
  RAMAnimatedTabBarController: 6f221d7dc647b4266c9e05618c84b5639f190297
  SwiftLocation: f18e71300a89f2a81001c9615b7694150e6b84de
  SwiftyJSON: 04ccea08915aa0109039157c7974cf0298da292a
  XLActionController: 97ed31237413db4d9401c6a559270f4d2b4de136
  XLPagerTabStrip: 87b8b705f9a7178e76a063ffaa2d70045944a965

COCOAPODS: 0.39.0
