PODS:
  - Alamofire (3.4.2)
  - AsyncSwift (1.7.3)
  - BetterSegmentedControl (0.4)
  - Bolts (1.8.4):
    - Bolts/AppLinks (= 1.8.4)
    - Bolts/Tasks (= 1.8.4)
  - Bolts/AppLinks (1.8.4):
    - Bolts/Tasks
  - Bolts/Tasks (1.8.4)
  - Cosmos (1.2.3)
  - CZPicker (0.4.3)
  - DGElasticPullToRefresh (1.0.3)
  - FBSDKCoreKit (4.15.0):
    - Bolts (~> 1.7)
  - FBSDKLoginKit (4.15.0):
    - FBSDKCoreKit
  - GoogleMaps (2.0.1):
    - GoogleMaps/Maps (= 2.0.1)
  - GoogleMaps/Base (2.0.1)
  - GoogleMaps/Maps (2.0.1):
    - GoogleMaps/Base (= 2.0.1)
  - GooglePlaces (2.0.1):
    - GoogleMaps/Base (= 2.0.1)
  - HanekeSwift (0.10.1)
  - MGSwipeTableCell (1.5.5)
  - Parse (1.14.2):
    - Bolts/Tasks (~> 1.8)
  - RAMAnimatedTabBarController (1.5.3)
  - SwiftLocation (1.0.4)
  - SwiftPhotoGallery (2.0.5)
  - SwiftyJSON (2.3.2)
  - XLActionController (2.0.0):
    - XLActionController/Core (= 2.0.0)
  - XLActionController/Core (2.0.0)
  - XLPagerTabStrip (5.0.0)

DEPENDENCIES:
  - Alamofire
  - AsyncSwift
  - BetterSegmentedControl
  - Cosmos (~> 1.2)
  - CZPicker
  - DGElasticPullToRefresh
  - FBSDKCoreKit
  - FBSDKLoginKit
  - GoogleMaps
  - GooglePlaces
  - HanekeSwift
  - MGSwipeTableCell
  - Parse
  - RAMAnimatedTabBarController
  - SwiftLocation
  - SwiftPhotoGallery
  - SwiftyJSON
  - XLActionController
  - XLPagerTabStrip

SPEC CHECKSUMS:
  Alamofire: 6aa33201d20d069e1598891cf928883ff1888c7a
  AsyncSwift: f3ad5dd077bbd1477e7573e87071a532fedaca1a
  BetterSegmentedControl: 982368e9cae749f28b7a2e969a37dcb73c375400
  Bolts: 8a7995239dbe724f9cba2248b766d48b7ebdd322
  Cosmos: efddd01b729956ad6335bc58bc92e5735a1d12a3
  CZPicker: 55aa1751ea26e209814552da1a9a08cba8bbf72a
  DGElasticPullToRefresh: 040f39ae69840b3261d163fe6735c5901bf851e9
  FBSDKCoreKit: 6680cbd33a4243d80700f182d0af36b3fa7f3118
  FBSDKLoginKit: 96d9b70b5784490f02ab86119e542a1f182017a8
  GoogleMaps: f09da64fc987c1aa29394567c3cab5a3df83c402
  GooglePlaces: 72fab1d1651c6df0322f2aad245ffb15b80d3c56
  HanekeSwift: 08e47d3d0f2899ec58e5d257beba0de619aca9e8
  MGSwipeTableCell: bafeb5f351124544c9364ecbdf24c7b06a37d340
  Parse: 4335d65f40cb3d43190d723144bbe1afb9c38230
  RAMAnimatedTabBarController: 04b624cf8958a0032bf7fa9c0f2c515f59d30b9c
  SwiftLocation: 00682ad3598aa54936f34ec42ed53fceb37c22a4
  SwiftPhotoGallery: c4c6c1a839d3a39220ac67f7fb8bbec256b8f9dd
  SwiftyJSON: 04ccea08915aa0109039157c7974cf0298da292a
  XLActionController: 97ed31237413db4d9401c6a559270f4d2b4de136
  XLPagerTabStrip: 87b8b705f9a7178e76a063ffaa2d70045944a965

COCOAPODS: 0.39.0
